Microsoft Visual Studio Solution File, Format Version 11.00
# Visual Studio 2008

Project("{56CDD7E9-E3CE-F197-4F40-75C03A80332D}") = "Perfect", "Assembly-CSharp-firstpass-vs.csproj", "{A19C7901-DBBD-7FDE-F489-F68B0FB0497C}"
EndProject
Project("{56CDD7E9-E3CE-F197-4F40-75C03A80332D}") = "Perfect", "Assembly-CSharp-vs.csproj", "{43A6067D-BC33-2B8F-C792-3C95A0B80ABF}"
EndProject
Global
	GlobalSection(SolutionConfigurationPlatforms) = preSolution
		Debug|Any CPU = Debug|Any CPU
		Release|Any CPU = Release|Any CPU
	EndGlobalSection
	GlobalSection(ProjectConfigurationPlatforms) = postSolution
		{A19C7901-DBBD-7FDE-F489-F68B0FB0497C}.Debug|Any CPU.ActiveCfg = Debug|Any CPU
		{A19C7901-DBBD-7FDE-F489-F68B0FB0497C}.Debug|Any CPU.Build.0 = Debug|Any CPU
		{A19C7901-DBBD-7FDE-F489-F68B0FB0497C}.Release|Any CPU.ActiveCfg = Release|Any CPU
		{A19C7901-DBBD-7FDE-F489-F68B0FB0497C}.Release|Any CPU.Build.0 = Release|Any CPU
		{43A6067D-BC33-2B8F-C792-3C95A0B80ABF}.Debug|Any CPU.ActiveCfg = Debug|Any CPU
		{43A6067D-BC33-2B8F-C792-3C95A0B80ABF}.Debug|Any CPU.Build.0 = Debug|Any CPU
		{43A6067D-BC33-2B8F-C792-3C95A0B80ABF}.Release|Any CPU.ActiveCfg = Release|Any CPU
		{43A6067D-BC33-2B8F-C792-3C95A0B80ABF}.Release|Any CPU.Build.0 = Release|Any CPU
	EndGlobalSection
	GlobalSection(SolutionProperties) = preSolution
		HideSolutionNode = FALSE
	EndGlobalSection
									GlobalSection(MonoDevelopProperties) = preSolution
		StartupItem = Assembly-CSharp.csproj
		Policies = $0
		$0.TextStylePolicy = $1
		$1.inheritsSet = null
		$1.scope = text/x-csharp
		$0.CSharpFormattingPolicy = $2
		$2.inheritsSet = Mono
		$2.inheritsScope = text/x-csharp
		$2.scope = text/x-csharp
		$0.TextStylePolicy = $3
		$3.FileWidth = 120
		$3.TabWidth = 4
		$3.IndentWidth = 4
		$3.EolMarker = Unix
		$3.inheritsSet = Mono
		$3.inheritsScope = text/plain
		$3.scope = text/plain
	EndGlobalSection

EndGlobal
